// !$*UTF8*$!
{
	archiveVersion = 1;
	classes = {
	};
	objectVersion = 46;
	objects = {

/* Begin PBXBuildFile section */
		CC1151BC184A4AAE00E2A6C8 /* Default-568h@2x.png in Resources */ = {isa = PBXBuildFile; fileRef = CC1151BB184A4AAE00E2A6C8 /* Default-568h@2x.png */; };
		CC771A3018C511D500CD8DB9 /* jamespercent.png in Resources */ = {isa = PBXBuildFile; fileRef = CC771A2F18C511D500CD8DB9 /* jamespercent.png */; };
		CC771A3218C5121E00CD8DB9 /* Success Meter Icon.png in Resources */ = {isa = PBXBuildFile; fileRef = CC771A3118C5121E00CD8DB9 /* Success Meter Icon.png */; };
		CC771A3418C5136400CD8DB9 /* Icon-120.png in Resources */ = {isa = PBXBuildFile; fileRef = CC771A3318C5136400CD8DB9 /* Icon-120.png */; };
		CCD0456F18118DBA0068B5FA /* Foundation.framework in Frameworks */ = {isa = PBXBuildFile; fileRef = CCD0456E18118DBA0068B5FA /* Foundation.framework */; };
		CCD0457118118DBA0068B5FA /* CoreGraphics.framework in Frameworks */ = {isa = PBXBuildFile; fileRef = CCD0457018118DBA0068B5FA /* CoreGraphics.framework */; };
		CCD0457318118DBA0068B5FA /* UIKit.framework in Frameworks */ = {isa = PBXBuildFile; fileRef = CCD0457218118DBA0068B5FA /* UIKit.framework */; };
		CCD0457918118DBA0068B5FA /* InfoPlist.strings in Resources */ = {isa = PBXBuildFile; fileRef = CCD0457718118DBA0068B5FA /* InfoPlist.strings */; };
		CCD0457B18118DBA0068B5FA /* main.m in Sources */ = {isa = PBXBuildFile; fileRef = CCD0457A18118DBA0068B5FA /* main.m */; };
		CCD0457F18118DBA0068B5FA /* JSRAppDelegate.m in Sources */ = {isa = PBXBuildFile; fileRef = CCD0457E18118DBA0068B5FA /* JSRAppDelegate.m */; };
		CCD0458218118DBA0068B5FA /* Main.storyboard in Resources */ = {isa = PBXBuildFile; fileRef = CCD0458018118DBA0068B5FA /* Main.storyboard */; };
		CCD0458518118DBA0068B5FA /* JSRViewController.m in Sources */ = {isa = PBXBuildFile; fileRef = CCD0458418118DBA0068B5FA /* JSRViewController.m */; };
		CCD0458718118DBA0068B5FA /* Images.xcassets in Resources */ = {isa = PBXBuildFile; fileRef = CCD0458618118DBA0068B5FA /* Images.xcassets */; };
		CCD0458E18118DBA0068B5FA /* XCTest.framework in Frameworks */ = {isa = PBXBuildFile; fileRef = CCD0458D18118DBA0068B5FA /* XCTest.framework */; };
		CCD0458F18118DBA0068B5FA /* Foundation.framework in Frameworks */ = {isa = PBXBuildFile; fileRef = CCD0456E18118DBA0068B5FA /* Foundation.framework */; };
		CCD0459018118DBA0068B5FA /* UIKit.framework in Frameworks */ = {isa = PBXBuildFile; fileRef = CCD0457218118DBA0068B5FA /* UIKit.framework */; };
/* End PBXBuildFile section */

/* Begin PBXContainerItemProxy section */
		CCD0459118118DBA0068B5FA /* PBXContainerItemProxy */ = {
			isa = PBXContainerItemProxy;
			containerPortal = CCD0456318118DBA0068B5FA /* Project object */;
			proxyType = 1;
			remoteGlobalIDString = CCD0456A18118DBA0068B5FA;
			remoteInfo = "Success meter";
		};
/* End PBXContainerItemProxy section */

/* Begin PBXFileReference section */
		CC11519A184A3FDE00E2A6C8 /* Icon-Spotlight-iOS7@2x.png */ = {isa = PBXFileReference; lastKnownFileType = image.png; name = "Icon-Spotlight-iOS7@2x.png"; path = "../Icon-Spotlight-iOS7@2x.png"; sourceTree = "<group>"; };
		CC11519B184A3FF100E2A6C8 /* Icon-Small@2x.png */ = {isa = PBXFileReference; lastKnownFileType = image.png; name = "Icon-Small@2x.png"; path = "../Icon-Small@2x.png"; sourceTree = "<group>"; };
		CC1151BB184A4AAE00E2A6C8 /* Default-568h@2x.png */ = {isa = PBXFileReference; lastKnownFileType = image.png; name = "Default-568h@2x.png"; path = "../Default-568h@2x.png"; sourceTree = "<group>"; };
		CC771A2F18C511D500CD8DB9 /* jamespercent.png */ = {isa = PBXFileReference; lastKnownFileType = image.png; name = jamespercent.png; path = ../../../../Desktop/jamespercent.png; sourceTree = "<group>"; };
		CC771A3118C5121E00CD8DB9 /* Success Meter Icon.png */ = {isa = PBXFileReference; lastKnownFileType = image.png; name = "Success Meter Icon.png"; path = "../../../../Desktop/Success Meter Icon.png"; sourceTree = "<group>"; };
		CC771A3318C5136400CD8DB9 /* Icon-120.png */ = {isa = PBXFileReference; lastKnownFileType = image.png; name = "Icon-120.png"; path = "../../../../Desktop/Icon-120.png"; sourceTree = "<group>"; };
		CCD0456B18118DBA0068B5FA /* Success Meter.app */ = {isa = PBXFileReference; explicitFileType = wrapper.application; includeInIndex = 0; path = "Success Meter.app"; sourceTree = BUILT_PRODUCTS_DIR; };
		CCD0456E18118DBA0068B5FA /* Foundation.framework */ = {isa = PBXFileReference; lastKnownFileType = wrapper.framework; name = Foundation.framework; path = System/Library/Frameworks/Foundation.framework; sourceTree = SDKROOT; };
		CCD0457018118DBA0068B5FA /* CoreGraphics.framework */ = {isa = PBXFileReference; lastKnownFileType = wrapper.framework; name = CoreGraphics.framework; path = System/Library/Frameworks/CoreGraphics.framework; sourceTree = SDKROOT; };
		CCD0457218118DBA0068B5FA /* UIKit.framework */ = {isa = PBXFileReference; lastKnownFileType = wrapper.framework; name = UIKit.framework; path = System/Library/Frameworks/UIKit.framework; sourceTree = SDKROOT; };
		CCD0457618118DBA0068B5FA /* Success -Info.plist */ = {isa = PBXFileReference; lastKnownFileType = text.plist.xml; path = "Success -Info.plist"; sourceTree = "<group>"; };
		CCD0457818118DBA0068B5FA /* en */ = {isa = PBXFileReference; lastKnownFileType = text.plist.strings; name = en; path = en.lproj/InfoPlist.strings; sourceTree = "<group>"; };
		CCD0457A18118DBA0068B5FA /* main.m */ = {isa = PBXFileReference; lastKnownFileType = sourcecode.c.objc; path = main.m; sourceTree = "<group>"; };
		CCD0457C18118DBA0068B5FA /* Success -Prefix.pch */ = {isa = PBXFileReference; lastKnownFileType = sourcecode.c.h; path = "Success -Prefix.pch"; sourceTree = "<group>"; };
		CCD0457D18118DBA0068B5FA /* JSRAppDelegate.h */ = {isa = PBXFileReference; lastKnownFileType = sourcecode.c.h; path = JSRAppDelegate.h; sourceTree = "<group>"; };
		CCD0457E18118DBA0068B5FA /* JSRAppDelegate.m */ = {isa = PBXFileReference; lastKnownFileType = sourcecode.c.objc; path = JSRAppDelegate.m; sourceTree = "<group>"; };
		CCD0458118118DBA0068B5FA /* Base */ = {isa = PBXFileReference; lastKnownFileType = file.storyboard; name = Base; path = Base.lproj/Main.storyboard; sourceTree = "<group>"; };
		CCD0458318118DBA0068B5FA /* JSRViewController.h */ = {isa = PBXFileReference; lastKnownFileType = sourcecode.c.h; path = JSRViewController.h; sourceTree = "<group>"; };
		CCD0458418118DBA0068B5FA /* JSRViewController.m */ = {isa = PBXFileReference; lastKnownFileType = sourcecode.c.objc; path = JSRViewController.m; sourceTree = "<group>"; };
		CCD0458618118DBA0068B5FA /* Images.xcassets */ = {isa = PBXFileReference; lastKnownFileType = folder.assetcatalog; path = Images.xcassets; sourceTree = "<group>"; };
		CCD0458C18118DBA0068B5FA /* Success Tests.xctest */ = {isa = PBXFileReference; explicitFileType = wrapper.cfbundle; includeInIndex = 0; path = "Success Tests.xctest"; sourceTree = BUILT_PRODUCTS_DIR; };
		CCD0458D18118DBA0068B5FA /* XCTest.framework */ = {isa = PBXFileReference; lastKnownFileType = wrapper.framework; name = XCTest.framework; path = Library/Frameworks/XCTest.framework; sourceTree = DEVELOPER_DIR; };
/* End PBXFileReference section */

/* Begin PBXFrameworksBuildPhase section */
		CCD0456818118DBA0068B5FA /* Frameworks */ = {
			isa = PBXFrameworksBuildPhase;
			buildActionMask = 2147483647;
			files = (
				CCD0457118118DBA0068B5FA /* CoreGraphics.framework in Frameworks */,
				CCD0457318118DBA0068B5FA /* UIKit.framework in Frameworks */,
				CCD0456F18118DBA0068B5FA /* Foundation.framework in Frameworks */,
			);
			runOnlyForDeploymentPostprocessing = 0;
		};
		CCD0458918118DBA0068B5FA /* Frameworks */ = {
			isa = PBXFrameworksBuildPhase;
			buildActionMask = 2147483647;
			files = (
				CCD0458E18118DBA0068B5FA /* XCTest.framework in Frameworks */,
				CCD0459018118DBA0068B5FA /* UIKit.framework in Frameworks */,
				CCD0458F18118DBA0068B5FA /* Foundation.framework in Frameworks */,
			);
			runOnlyForDeploymentPostprocessing = 0;
		};
/* End PBXFrameworksBuildPhase section */

/* Begin PBXGroup section */
		CC7F932718F1D2840042D5E5 /* iPad */ = {
			isa = PBXGroup;
			children = (
			);
			name = iPad;
			sourceTree = "<group>";
		};
		CCD0456218118DBA0068B5FA = {
			isa = PBXGroup;
			children = (
				CC7F932718F1D2840042D5E5 /* iPad */,
				CC771A2F18C511D500CD8DB9 /* jamespercent.png */,
				CC771A3318C5136400CD8DB9 /* Icon-120.png */,
				CC771A3118C5121E00CD8DB9 /* Success Meter Icon.png */,
				CCD0457418118DBA0068B5FA /* Success meter */,
				CCD0456D18118DBA0068B5FA /* Frameworks */,
				CCD0456C18118DBA0068B5FA /* Products */,
			);
			sourceTree = "<group>";
		};
		CCD0456C18118DBA0068B5FA /* Products */ = {
			isa = PBXGroup;
			children = (
				CCD0456B18118DBA0068B5FA /* Success Meter.app */,
				CCD0458C18118DBA0068B5FA /* Success Tests.xctest */,
			);
			name = Products;
			sourceTree = "<group>";
		};
		CCD0456D18118DBA0068B5FA /* Frameworks */ = {
			isa = PBXGroup;
			children = (
				CCD0456E18118DBA0068B5FA /* Foundation.framework */,
				CCD0457018118DBA0068B5FA /* CoreGraphics.framework */,
				CCD0457218118DBA0068B5FA /* UIKit.framework */,
				CCD0458D18118DBA0068B5FA /* XCTest.framework */,
			);
			name = Frameworks;
			sourceTree = "<group>";
		};
		CCD0457418118DBA0068B5FA /* Success meter */ = {
			isa = PBXGroup;
			children = (
				CC11519B184A3FF100E2A6C8 /* Icon-Small@2x.png */,
				CC11519A184A3FDE00E2A6C8 /* Icon-Spotlight-iOS7@2x.png */,
				CCD0457D18118DBA0068B5FA /* JSRAppDelegate.h */,
				CCD0457E18118DBA0068B5FA /* JSRAppDelegate.m */,
				CC1151BB184A4AAE00E2A6C8 /* Default-568h@2x.png */,
				CCD0458018118DBA0068B5FA /* Main.storyboard */,
				CCD0458318118DBA0068B5FA /* JSRViewController.h */,
				CCD0458418118DBA0068B5FA /* JSRViewController.m */,
				CCD0458618118DBA0068B5FA /* Images.xcassets */,
				CCD0457518118DBA0068B5FA /* Supporting Files */,
			);
			path = "Success meter";
			sourceTree = "<group>";
		};
		CCD0457518118DBA0068B5FA /* Supporting Files */ = {
			isa = PBXGroup;
			children = (
				CCD0457618118DBA0068B5FA /* Success -Info.plist */,
				CCD0457718118DBA0068B5FA /* InfoPlist.strings */,
				CCD0457A18118DBA0068B5FA /* main.m */,
				CCD0457C18118DBA0068B5FA /* Success -Prefix.pch */,
			);
			name = "Supporting Files";
			sourceTree = "<group>";
		};
/* End PBXGroup section */

/* Begin PBXNativeTarget section */
		CCD0456A18118DBA0068B5FA /* Success  */ = {
			isa = PBXNativeTarget;
			buildConfigurationList = CCD0459D18118DBA0068B5FA /* Build configuration list for PBXNativeTarget "Success " */;
			buildPhases = (
				CCD0456718118DBA0068B5FA /* Sources */,
				CCD0456818118DBA0068B5FA /* Frameworks */,
				CCD0456918118DBA0068B5FA /* Resources */,
			);
			buildRules = (
			);
			dependencies = (
			);
			name = "Success ";
			productName = "Success meter";
			productReference = CCD0456B18118DBA0068B5FA /* Success Meter.app */;
			productType = "com.apple.product-type.application";
		};
		CCD0458B18118DBA0068B5FA /* Success Tests */ = {
			isa = PBXNativeTarget;
			buildConfigurationList = CCD045A018118DBA0068B5FA /* Build configuration list for PBXNativeTarget "Success Tests" */;
			buildPhases = (
				CCD0458818118DBA0068B5FA /* Sources */,
				CCD0458918118DBA0068B5FA /* Frameworks */,
				CCD0458A18118DBA0068B5FA /* Resources */,
			);
			buildRules = (
			);
			dependencies = (
				CCD0459218118DBA0068B5FA /* PBXTargetDependency */,
			);
			name = "Success Tests";
			productName = "Success meterTests";
			productReference = CCD0458C18118DBA0068B5FA /* Success Tests.xctest */;
			productType = "com.apple.product-type.bundle.unit-test";
		};
/* End PBXNativeTarget section */

/* Begin PBXProject section */
		CCD0456318118DBA0068B5FA /* Project object */ = {
			isa = PBXProject;
			attributes = {
				CLASSPREFIX = JSR;
				LastUpgradeCheck = 0500;
				ORGANIZATIONNAME = "James Raubenhimer";
				TargetAttributes = {
					CCD0456A18118DBA0068B5FA = {
						DevelopmentTeam = NDNY6R3Q8P;
					};
					CCD0458B18118DBA0068B5FA = {
						TestTargetID = CCD0456A18118DBA0068B5FA;
					};
				};
			};
			buildConfigurationList = CCD0456618118DBA0068B5FA /* Build configuration list for PBXProject "Success " */;
			compatibilityVersion = "Xcode 3.2";
			developmentRegion = English;
			hasScannedForEncodings = 0;
			knownRegions = (
				en,
				Base,
			);
			mainGroup = CCD0456218118DBA0068B5FA;
			productRefGroup = CCD0456C18118DBA0068B5FA /* Products */;
			projectDirPath = "";
			projectRoot = "";
			targets = (
				CCD0456A18118DBA0068B5FA /* Success  */,
				CCD0458B18118DBA0068B5FA /* Success Tests */,
			);
		};
/* End PBXProject section */

/* Begin PBXResourcesBuildPhase section */
		CCD0456918118DBA0068B5FA /* Resources */ = {
			isa = PBXResourcesBuildPhase;
			buildActionMask = 2147483647;
			files = (
				CC771A3418C5136400CD8DB9 /* Icon-120.png in Resources */,
				CCD0458718118DBA0068B5FA /* Images.xcassets in Resources */,
				CC1151BC184A4AAE00E2A6C8 /* Default-568h@2x.png in Resources */,
				CC771A3218C5121E00CD8DB9 /* Success Meter Icon.png in Resources */,
				CCD0457918118DBA0068B5FA /* InfoPlist.strings in Resources */,
				CCD0458218118DBA0068B5FA /* Main.storyboard in Resources */,
				CC771A3018C511D500CD8DB9 /* jamespercent.png in Resources */,
			);
			runOnlyForDeploymentPostprocessing = 0;
		};
		CCD0458A18118DBA0068B5FA /* Resources */ = {
			isa = PBXResourcesBuildPhase;
			buildActionMask = 2147483647;
			files = (
			);
			runOnlyForDeploymentPostprocessing = 0;
		};
/* End PBXResourcesBuildPhase section */

/* Begin PBXSourcesBuildPhase section */
		CCD0456718118DBA0068B5FA /* Sources */ = {
			isa = PBXSourcesBuildPhase;
			buildActionMask = 2147483647;
			files = (
				CCD0458518118DBA0068B5FA /* JSRViewController.m in Sources */,
				CCD0457F18118DBA0068B5FA /* JSRAppDelegate.m in Sources */,
				CCD0457B18118DBA0068B5FA /* main.m in Sources */,
			);
			runOnlyForDeploymentPostprocessing = 0;
		};
		CCD0458818118DBA0068B5FA /* Sources */ = {
			isa = PBXSourcesBuildPhase;
			buildActionMask = 2147483647;
			files = (
			);
			runOnlyForDeploymentPostprocessing = 0;
		};
/* End PBXSourcesBuildPhase section */

/* Begin PBXTargetDependency section */
		CCD0459218118DBA0068B5FA /* PBXTargetDependency */ = {
			isa = PBXTargetDependency;
			target = CCD0456A18118DBA0068B5FA /* Success  */;
			targetProxy = CCD0459118118DBA0068B5FA /* PBXContainerItemProxy */;
		};
/* End PBXTargetDependency section */

/* Begin PBXVariantGroup section */
		CCD0457718118DBA0068B5FA /* InfoPlist.strings */ = {
			isa = PBXVariantGroup;
			children = (
				CCD0457818118DBA0068B5FA /* en */,
			);
			name = InfoPlist.strings;
			sourceTree = "<group>";
		};
		CCD0458018118DBA0068B5FA /* Main.storyboard */ = {
			isa = PBXVariantGroup;
			children = (
				CCD0458118118DBA0068B5FA /* Base */,
			);
			name = Main.storyboard;
			sourceTree = "<group>";
		};
/* End PBXVariantGroup section */

/* Begin XCBuildConfiguration section */
		CCD0459B18118DBA0068B5FA /* Debug */ = {
			isa = XCBuildConfiguration;
			buildSettings = {
				ALWAYS_SEARCH_USER_PATHS = NO;
				ARCHS = "$(ARCHS_STANDARD_INCLUDING_64_BIT)";
				CLANG_CXX_LANGUAGE_STANDARD = "gnu++0x";
				CLANG_CXX_LIBRARY = "libc++";
				CLANG_ENABLE_MODULES = YES;
				CLANG_ENABLE_OBJC_ARC = YES;
				CLANG_WARN_BOOL_CONVERSION = YES;
				CLANG_WARN_CONSTANT_CONVERSION = YES;
				CLANG_WARN_DIRECT_OBJC_ISA_USAGE = YES_ERROR;
				CLANG_WARN_EMPTY_BODY = YES;
				CLANG_WARN_ENUM_CONVERSION = YES;
				CLANG_WARN_INT_CONVERSION = YES;
				CLANG_WARN_OBJC_ROOT_CLASS = YES_ERROR;
				CLANG_WARN__DUPLICATE_METHOD_MATCH = YES;
				"CODE_SIGN_IDENTITY[sdk=iphoneos*]" = "iPhone Developer";
				COPY_PHASE_STRIP = NO;
				GCC_C_LANGUAGE_STANDARD = gnu99;
				GCC_DYNAMIC_NO_PIC = NO;
				GCC_OPTIMIZATION_LEVEL = 0;
				GCC_PREPROCESSOR_DEFINITIONS = (
					"DEBUG=1",
					"$(inherited)",
				);
				GCC_SYMBOLS_PRIVATE_EXTERN = NO;
				GCC_WARN_64_TO_32_BIT_CONVERSION = YES;
				GCC_WARN_ABOUT_RETURN_TYPE = YES_ERROR;
				GCC_WARN_UNDECLARED_SELECTOR = YES;
				GCC_WARN_UNINITIALIZED_AUTOS = YES;
				GCC_WARN_UNUSED_FUNCTION = YES;
				GCC_WARN_UNUSED_VARIABLE = YES;
				IPHONEOS_DEPLOYMENT_TARGET = 7.0;
				ONLY_ACTIVE_ARCH = YES;
				SDKROOT = iphoneos;
			};
			name = Debug;
		};
		CCD0459C18118DBA0068B5FA /* Release */ = {
			isa = XCBuildConfiguration;
			buildSettings = {
				ALWAYS_SEARCH_USER_PATHS = NO;
				ARCHS = "$(ARCHS_STANDARD_INCLUDING_64_BIT)";
				CLANG_CXX_LANGUAGE_STANDARD = "gnu++0x";
				CLANG_CXX_LIBRARY = "libc++";
				CLANG_ENABLE_MODULES = YES;
				CLANG_ENABLE_OBJC_ARC = YES;
				CLANG_WARN_BOOL_CONVERSION = YES;
				CLANG_WARN_CONSTANT_CONVERSION = YES;
				CLANG_WARN_DIRECT_OBJC_ISA_USAGE = YES_ERROR;
				CLANG_WARN_EMPTY_BODY = YES;
				CLANG_WARN_ENUM_CONVERSION = YES;
				CLANG_WARN_INT_CONVERSION = YES;
				CLANG_WARN_OBJC_ROOT_CLASS = YES_ERROR;
				CLANG_WARN__DUPLICATE_METHOD_MATCH = YES;
				"CODE_SIGN_IDENTITY[sdk=iphoneos*]" = "iPhone Developer";
				COPY_PHASE_STRIP = YES;
				ENABLE_NS_ASSERTIONS = NO;
				GCC_C_LANGUAGE_STANDARD = gnu99;
				GCC_WARN_64_TO_32_BIT_CONVERSION = YES;
				GCC_WARN_ABOUT_RETURN_TYPE = YES_ERROR;
				GCC_WARN_UNDECLARED_SELECTOR = YES;
				GCC_WARN_UNINITIALIZED_AUTOS = YES;
				GCC_WARN_UNUSED_FUNCTION = YES;
				GCC_WARN_UNUSED_VARIABLE = YES;
				IPHONEOS_DEPLOYMENT_TARGET = 7.0;
				SDKROOT = iphoneos;
				VALIDATE_PRODUCT = YES;
			};
			name = Release;
		};
		CCD0459E18118DBA0068B5FA /* Debug */ = {
			isa = XCBuildConfiguration;
			buildSettings = {
				ASSETCATALOG_COMPILER_APPICON_NAME = AppIcon;
				ASSETCATALOG_COMPILER_LAUNCHIMAGE_NAME = LaunchImage;
				CODE_SIGN_IDENTITY = "iPhone Developer";
				"CODE_SIGN_IDENTITY[sdk=iphoneos*]" = "iPhone Developer";
				GCC_PRECOMPILE_PREFIX_HEADER = YES;
				GCC_PREFIX_HEADER = "Success meter/Success -Prefix.pch";
				INFOPLIST_FILE = "Success meter/Success -Info.plist";
				IPHONEOS_DEPLOYMENT_TARGET = 7.1;
				PRODUCT_NAME = "Success Meter";
				PROVISIONING_PROFILE = "90E27D8C-0BD5-4482-B0EC-829AF06546B5";
				TARGETED_DEVICE_FAMILY = 1;
				WRAPPER_EXTENSION = app;
			};
			name = Debug;
		};
		CCD0459F18118DBA0068B5FA /* Release */ = {
			isa = XCBuildConfiguration;
			buildSettings = {
				ASSETCATALOG_COMPILER_APPICON_NAME = AppIcon;
				ASSETCATALOG_COMPILER_LAUNCHIMAGE_NAME = LaunchImage;
				CODE_SIGN_IDENTITY = "iPhone Developer";
				"CODE_SIGN_IDENTITY[sdk=iphoneos*]" = "iPhone Developer";
				GCC_PRECOMPILE_PREFIX_HEADER = YES;
				GCC_PREFIX_HEADER = "Success meter/Success -Prefix.pch";
				INFOPLIST_FILE = "Success meter/Success -Info.plist";
				IPHONEOS_DEPLOYMENT_TARGET = 7.1;
				PRODUCT_NAME = "Success Meter";
				PROVISIONING_PROFILE = "90E27D8C-0BD5-4482-B0EC-829AF06546B5";
				TARGETED_DEVICE_FAMILY = 1;
				WRAPPER_EXTENSION = app;
			};
			name = Release;
		};
		CCD045A118118DBA0068B5FA /* Debug */ = {
			isa = XCBuildConfiguration;
			buildSettings = {
				ARCHS = "$(ARCHS_STANDARD_INCLUDING_64_BIT)";
				BUNDLE_LOADER = "$(BUILT_PRODUCTS_DIR)/Success meter.app/Success meter";
				FRAMEWORK_SEARCH_PATHS = (
					"$(SDKROOT)/Developer/Library/Frameworks",
					"$(inherited)",
					"$(DEVELOPER_FRAMEWORKS_DIR)",
				);
				GCC_PRECOMPILE_PREFIX_HEADER = YES;
				GCC_PREFIX_HEADER = "Success meter/Success meter-Prefix.pch";
				GCC_PREPROCESSOR_DEFINITIONS = (
					"DEBUG=1",
					"$(inherited)",
				);
				INFOPLIST_FILE = "Success meterTests/Success Tests-Info.plist";
				PRODUCT_NAME = "Success Tests";
				TEST_HOST = "$(BUNDLE_LOADER)";
				WRAPPER_EXTENSION = xctest;
			};
			name = Debug;
		};
		CCD045A218118DBA0068B5FA /* Release */ = {
			isa = XCBuildConfiguration;
			buildSettings = {
				ARCHS = "$(ARCHS_STANDARD_INCLUDING_64_BIT)";
				BUNDLE_LOADER = "$(BUILT_PRODUCTS_DIR)/Success meter.app/Success meter";
				FRAMEWORK_SEARCH_PATHS = (
					"$(SDKROOT)/Developer/Library/Frameworks",
					"$(inherited)",
					"$(DEVELOPER_FRAMEWORKS_DIR)",
				);
				GCC_PRECOMPILE_PREFIX_HEADER = YES;
				GCC_PREFIX_HEADER = "Success meter/Success meter-Prefix.pch";
				INFOPLIST_FILE = "Success meterTests/Success Tests-Info.plist";
				PRODUCT_NAME = "Success Tests";
				TEST_HOST = "$(BUNDLE_LOADER)";
				WRAPPER_EXTENSION = xctest;
			};
			name = Release;
		};
/* End XCBuildConfiguration section */

/* Begin XCConfigurationList section */
		CCD0456618118DBA0068B5FA /* Build configuration list for PBXProject "Success " */ = {
			isa = XCConfigurationList;
			buildConfigurations = (
				CCD0459B18118DBA0068B5FA /* Debug */,
				CCD0459C18118DBA0068B5FA /* Release */,
			);
			defaultConfigurationIsVisible = 0;
			defaultConfigurationName = Release;
		};
		CCD0459D18118DBA0068B5FA /* Build configuration list for PBXNativeTarget "Success " */ = {
			isa = XCConfigurationList;
			buildConfigurations = (
				CCD0459E18118DBA0068B5FA /* Debug */,
				CCD0459F18118DBA0068B5FA /* Release */,
			);
			defaultConfigurationIsVisible = 0;
			defaultConfigurationName = Release;
		};
		CCD045A018118DBA0068B5FA /* Build configuration list for PBXNativeTarget "Success Tests" */ = {
			isa = XCConfigurationList;
			buildConfigurations = (
				CCD045A118118DBA0068B5FA /* Debug */,
				CCD045A218118DBA0068B5FA /* Release */,
			);
			defaultConfigurationIsVisible = 0;
			defaultConfigurationName = Release;
		};
/* End XCConfigurationList section */
	};
	rootObject = CCD0456318118DBA0068B5FA /* Project object */;
}
